
Microsoft Visual Studio Solution File, Format Version 12.00
# Visual Studio 15
VisualStudioVersion = 15.0.27004.2002
MinimumVisualStudioVersion = 10.0.40219.1
Project("{FAE04EC0-301F-11D3-BF4B-00C04F79EFBC}") = "FirstWebAPI", "FirstWebAPI\FirstWebAPI.csproj", "{69742DC7-951F-41BC-899C-B18683E079FF}"
EndProject
Global
	GlobalSection(SolutionConfigurationPlatforms) = preSolution
		Debug|Any CPU = Debug|Any CPU
		Release|Any CPU = Release|Any CPU
	EndGlobalSection
	GlobalSection(ProjectConfigurationPlatforms) = postSolution
		{69742DC7-951F-41BC-899C-B18683E079FF}.Debug|Any CPU.ActiveCfg = Debug|Any CPU
		{69742DC7-951F-41BC-899C-B18683E079FF}.Debug|Any CPU.Build.0 = Debug|Any CPU
		{69742DC7-951F-41BC-899C-B18683E079FF}.Release|Any CPU.ActiveCfg = Release|Any CPU
		{69742DC7-951F-41BC-899C-B18683E079FF}.Release|Any CPU.Build.0 = Release|Any CPU
	EndGlobalSection
	GlobalSection(SolutionProperties) = preSolution
		HideSolutionNode = FALSE
	EndGlobalSection
	GlobalSection(ExtensibilityGlobals) = postSolution
		SolutionGuid = {AA3705B4-8CAB-4365-9F61-7BCF831E0417}
	EndGlobalSection
EndGlobal
